
Microsoft Visual Studio Solution File, Format Version 12.00
# Visual Studio Version 17
VisualStudioVersion = 17.13.35825.156 d17.13
MinimumVisualStudioVersion = 10.0.40219.1
Project("{FAE04EC0-301F-11D3-BF4B-00C04F79EFBC}") = "Beans", "Beans\Beans.csproj", "{6CFEB189-5880-4891-8E2E-4FA5E45C9F19}"
EndProject
Global
	GlobalSection(SolutionConfigurationPlatforms) = preSolution
		Debug|Any CPU = Debug|Any CPU
		Release|Any CPU = Release|Any CPU
	EndGlobalSection
	GlobalSection(ProjectConfigurationPlatforms) = postSolution
		{6CFEB189-5880-4891-8E2E-4FA5E45C9F19}.Debug|Any CPU.ActiveCfg = Debug|Any CPU
		{6CFEB189-5880-4891-8E2E-4FA5E45C9F19}.Debug|Any CPU.Build.0 = Debug|Any CPU
		{6CFEB189-5880-4891-8E2E-4FA5E45C9F19}.Release|Any CPU.ActiveCfg = Release|Any CPU
		{6CFEB189-5880-4891-8E2E-4FA5E45C9F19}.Release|Any CPU.Build.0 = Release|Any CPU
	EndGlobalSection
	GlobalSection(SolutionProperties) = preSolution
		HideSolutionNode = FALSE
	EndGlobalSection
	GlobalSection(ExtensibilityGlobals) = postSolution
		SolutionGuid = {9F7A54AD-590E-41B6-92F0-7D79671C8464}
	EndGlobalSection
EndGlobal
